// !$*UTF8*$!
{
	archiveVersion = 1;
	classes = {
	};
	objectVersion = 50;
	objects = {

/* Begin PBXBuildFile section */
		B117A5745E6FA8F3D4857D69 /* Pods_Workout.framework in Frameworks */ = {isa = PBXBuildFile; fileRef = 533FE1696F5B31C35A179987 /* Pods_Workout.framework */; };
		C032B03C21CD6C2100736CCF /* WorkoutProgramsVC.swift in Sources */ = {isa = PBXBuildFile; fileRef = C032B03B21CD6C2100736CCF /* WorkoutProgramsVC.swift */; };
		C032B03E21CD7B0F00736CCF /* Program.swift in Sources */ = {isa = PBXBuildFile; fileRef = C032B03D21CD7B0F00736CCF /* Program.swift */; };
		C032B04021CD843500736CCF /* HomeVC.swift in Sources */ = {isa = PBXBuildFile; fileRef = C032B03F21CD843500736CCF /* HomeVC.swift */; };
		C032B04221CD896F00736CCF /* CategoryCollectionCell.swift in Sources */ = {isa = PBXBuildFile; fileRef = C032B04121CD896F00736CCF /* CategoryCollectionCell.swift */; };
		C03D71AB21CD362400863A6F /* AppDelegate.swift in Sources */ = {isa = PBXBuildFile; fileRef = C03D71AA21CD362400863A6F /* AppDelegate.swift */; };
		C03D71AD21CD362400863A6F /* WorkoutSelectorVC.swift in Sources */ = {isa = PBXBuildFile; fileRef = C03D71AC21CD362400863A6F /* WorkoutSelectorVC.swift */; };
		C03D71B021CD362400863A6F /* Main.storyboard in Resources */ = {isa = PBXBuildFile; fileRef = C03D71AE21CD362400863A6F /* Main.storyboard */; };
		C03D71B221CD362500863A6F /* Assets.xcassets in Resources */ = {isa = PBXBuildFile; fileRef = C03D71B121CD362500863A6F /* Assets.xcassets */; };
		C03D71B521CD362500863A6F /* LaunchScreen.storyboard in Resources */ = {isa = PBXBuildFile; fileRef = C03D71B321CD362500863A6F /* LaunchScreen.storyboard */; };
		C03D71BD21CD3C8E00863A6F /* GoogleService-Info.plist in Resources */ = {isa = PBXBuildFile; fileRef = C03D71BC21CD3C8E00863A6F /* GoogleService-Info.plist */; };
		C03D71C121CD471B00863A6F /* Workout.swift in Sources */ = {isa = PBXBuildFile; fileRef = C03D71C021CD471B00863A6F /* Workout.swift */; };
		C03D71C421CD493A00863A6F /* FirebaseOperation.swift in Sources */ = {isa = PBXBuildFile; fileRef = C03D71C321CD493A00863A6F /* FirebaseOperation.swift */; };
		C03D71C621CD4A9A00863A6F /* Exercise.swift in Sources */ = {isa = PBXBuildFile; fileRef = C03D71C521CD4A9A00863A6F /* Exercise.swift */; };
		C03D71C821CD4DCA00863A6F /* WorkoutVC.swift in Sources */ = {isa = PBXBuildFile; fileRef = C03D71C721CD4DCA00863A6F /* WorkoutVC.swift */; };
		C03D71CC21CD57B600863A6F /* ExerciseVC.swift in Sources */ = {isa = PBXBuildFile; fileRef = C03D71CB21CD57B600863A6F /* ExerciseVC.swift */; };
/* End PBXBuildFile section */

/* Begin PBXFileReference section */
		503A8A1CE535D7F44BBCB594 /* Pods-Workout.debug.xcconfig */ = {isa = PBXFileReference; includeInIndex = 1; lastKnownFileType = text.xcconfig; name = "Pods-Workout.debug.xcconfig"; path = "Pods/Target Support Files/Pods-Workout/Pods-Workout.debug.xcconfig"; sourceTree = "<group>"; };
		533FE1696F5B31C35A179987 /* Pods_Workout.framework */ = {isa = PBXFileReference; explicitFileType = wrapper.framework; includeInIndex = 0; path = Pods_Workout.framework; sourceTree = BUILT_PRODUCTS_DIR; };
		5D13FD247B40BC0FF0757736 /* Pods-Workout.release.xcconfig */ = {isa = PBXFileReference; includeInIndex = 1; lastKnownFileType = text.xcconfig; name = "Pods-Workout.release.xcconfig"; path = "Pods/Target Support Files/Pods-Workout/Pods-Workout.release.xcconfig"; sourceTree = "<group>"; };
		C032B03B21CD6C2100736CCF /* WorkoutProgramsVC.swift */ = {isa = PBXFileReference; lastKnownFileType = sourcecode.swift; path = WorkoutProgramsVC.swift; sourceTree = "<group>"; };
		C032B03D21CD7B0F00736CCF /* Program.swift */ = {isa = PBXFileReference; lastKnownFileType = sourcecode.swift; path = Program.swift; sourceTree = "<group>"; };
		C032B03F21CD843500736CCF /* HomeVC.swift */ = {isa = PBXFileReference; lastKnownFileType = sourcecode.swift; path = HomeVC.swift; sourceTree = "<group>"; };
		C032B04121CD896F00736CCF /* CategoryCollectionCell.swift */ = {isa = PBXFileReference; lastKnownFileType = sourcecode.swift; path = CategoryCollectionCell.swift; sourceTree = "<group>"; };
		C03D71A721CD362400863A6F /* Workout.app */ = {isa = PBXFileReference; explicitFileType = wrapper.application; includeInIndex = 0; path = Workout.app; sourceTree = BUILT_PRODUCTS_DIR; };
		C03D71AA21CD362400863A6F /* AppDelegate.swift */ = {isa = PBXFileReference; lastKnownFileType = sourcecode.swift; path = AppDelegate.swift; sourceTree = "<group>"; };
		C03D71AC21CD362400863A6F /* WorkoutSelectorVC.swift */ = {isa = PBXFileReference; lastKnownFileType = sourcecode.swift; path = WorkoutSelectorVC.swift; sourceTree = "<group>"; };
		C03D71AF21CD362400863A6F /* Base */ = {isa = PBXFileReference; lastKnownFileType = file.storyboard; name = Base; path = Base.lproj/Main.storyboard; sourceTree = "<group>"; };
		C03D71B121CD362500863A6F /* Assets.xcassets */ = {isa = PBXFileReference; lastKnownFileType = folder.assetcatalog; path = Assets.xcassets; sourceTree = "<group>"; };
		C03D71B421CD362500863A6F /* Base */ = {isa = PBXFileReference; lastKnownFileType = file.storyboard; name = Base; path = Base.lproj/LaunchScreen.storyboard; sourceTree = "<group>"; };
		C03D71B621CD362500863A6F /* Info.plist */ = {isa = PBXFileReference; lastKnownFileType = text.plist.xml; path = Info.plist; sourceTree = "<group>"; };
		C03D71BC21CD3C8E00863A6F /* GoogleService-Info.plist */ = {isa = PBXFileReference; fileEncoding = 4; lastKnownFileType = text.plist.xml; path = "GoogleService-Info.plist"; sourceTree = "<group>"; };
		C03D71C021CD471B00863A6F /* Workout.swift */ = {isa = PBXFileReference; lastKnownFileType = sourcecode.swift; path = Workout.swift; sourceTree = "<group>"; };
		C03D71C321CD493A00863A6F /* FirebaseOperation.swift */ = {isa = PBXFileReference; lastKnownFileType = sourcecode.swift; path = FirebaseOperation.swift; sourceTree = "<group>"; };
		C03D71C521CD4A9A00863A6F /* Exercise.swift */ = {isa = PBXFileReference; lastKnownFileType = sourcecode.swift; path = Exercise.swift; sourceTree = "<group>"; };
		C03D71C721CD4DCA00863A6F /* WorkoutVC.swift */ = {isa = PBXFileReference; lastKnownFileType = sourcecode.swift; path = WorkoutVC.swift; sourceTree = "<group>"; };
		C03D71CB21CD57B600863A6F /* ExerciseVC.swift */ = {isa = PBXFileReference; lastKnownFileType = sourcecode.swift; path = ExerciseVC.swift; sourceTree = "<group>"; };
/* End PBXFileReference section */

/* Begin PBXFrameworksBuildPhase section */
		C03D71A421CD362400863A6F /* Frameworks */ = {
			isa = PBXFrameworksBuildPhase;
			buildActionMask = 2147483647;
			files = (
				B117A5745E6FA8F3D4857D69 /* Pods_Workout.framework in Frameworks */,
			);
			runOnlyForDeploymentPostprocessing = 0;
		};
/* End PBXFrameworksBuildPhase section */

/* Begin PBXGroup section */
		58083FFE24A3DFE16D78FCA3 /* Frameworks */ = {
			isa = PBXGroup;
			children = (
				533FE1696F5B31C35A179987 /* Pods_Workout.framework */,
			);
			name = Frameworks;
			sourceTree = "<group>";
		};
		692C2A26DEC276C0DE55BA64 /* Pods */ = {
			isa = PBXGroup;
			children = (
				503A8A1CE535D7F44BBCB594 /* Pods-Workout.debug.xcconfig */,
				5D13FD247B40BC0FF0757736 /* Pods-Workout.release.xcconfig */,
			);
			name = Pods;
			sourceTree = "<group>";
		};
		C032B04321CD897400736CCF /* Cells */ = {
			isa = PBXGroup;
			children = (
				C032B04121CD896F00736CCF /* CategoryCollectionCell.swift */,
			);
			path = Cells;
			sourceTree = "<group>";
		};
		C03D719E21CD362300863A6F = {
			isa = PBXGroup;
			children = (
				C03D71A921CD362400863A6F /* Workout */,
				C03D71C221CD48FB00863A6F /* FirebaseOperations */,
				C03D71A821CD362400863A6F /* Products */,
				692C2A26DEC276C0DE55BA64 /* Pods */,
				58083FFE24A3DFE16D78FCA3 /* Frameworks */,
			);
			sourceTree = "<group>";
		};
		C03D71A821CD362400863A6F /* Products */ = {
			isa = PBXGroup;
			children = (
				C03D71A721CD362400863A6F /* Workout.app */,
			);
			name = Products;
			sourceTree = "<group>";
		};
		C03D71A921CD362400863A6F /* Workout */ = {
			isa = PBXGroup;
			children = (
				C03D71AA21CD362400863A6F /* AppDelegate.swift */,
				C03D71BE21CD46BE00863A6F /* Controllers */,
				C03D71BF21CD470300863A6F /* Models */,
				C032B04321CD897400736CCF /* Cells */,
				C03D71AE21CD362400863A6F /* Main.storyboard */,
				C03D71B121CD362500863A6F /* Assets.xcassets */,
				C03D71B321CD362500863A6F /* LaunchScreen.storyboard */,
				C03D71B621CD362500863A6F /* Info.plist */,
				C03D71BC21CD3C8E00863A6F /* GoogleService-Info.plist */,
			);
			path = Workout;
			sourceTree = "<group>";
		};
		C03D71BE21CD46BE00863A6F /* Controllers */ = {
			isa = PBXGroup;
			children = (
				C032B03F21CD843500736CCF /* HomeVC.swift */,
				C032B03B21CD6C2100736CCF /* WorkoutProgramsVC.swift */,
				C03D71AC21CD362400863A6F /* WorkoutSelectorVC.swift */,
				C03D71C721CD4DCA00863A6F /* WorkoutVC.swift */,
				C03D71CB21CD57B600863A6F /* ExerciseVC.swift */,
			);
			path = Controllers;
			sourceTree = "<group>";
		};
		C03D71BF21CD470300863A6F /* Models */ = {
			isa = PBXGroup;
			children = (
				C03D71C021CD471B00863A6F /* Workout.swift */,
				C03D71C521CD4A9A00863A6F /* Exercise.swift */,
				C032B03D21CD7B0F00736CCF /* Program.swift */,
			);
			path = Models;
			sourceTree = "<group>";
		};
		C03D71C221CD48FB00863A6F /* FirebaseOperations */ = {
			isa = PBXGroup;
			children = (
				C03D71C321CD493A00863A6F /* FirebaseOperation.swift */,
			);
			path = FirebaseOperations;
			sourceTree = "<group>";
		};
/* End PBXGroup section */

/* Begin PBXNativeTarget section */
		C03D71A621CD362400863A6F /* Workout */ = {
			isa = PBXNativeTarget;
			buildConfigurationList = C03D71B921CD362500863A6F /* Build configuration list for PBXNativeTarget "Workout" */;
			buildPhases = (
				E267AA9A6A88306E9013C72A /* [CP] Check Pods Manifest.lock */,
				C03D71A321CD362400863A6F /* Sources */,
				C03D71A421CD362400863A6F /* Frameworks */,
				C03D71A521CD362400863A6F /* Resources */,
				4AB377AB9E1083EAD2D3DFA2 /* [CP] Embed Pods Frameworks */,
			);
			buildRules = (
			);
			dependencies = (
			);
			name = Workout;
			productName = Workout;
			productReference = C03D71A721CD362400863A6F /* Workout.app */;
			productType = "com.apple.product-type.application";
		};
/* End PBXNativeTarget section */

/* Begin PBXProject section */
		C03D719F21CD362400863A6F /* Project object */ = {
			isa = PBXProject;
			attributes = {
				LastSwiftUpdateCheck = 1010;
				LastUpgradeCheck = 1010;
				ORGANIZATIONNAME = "Donovan Cotter";
				TargetAttributes = {
					C03D71A621CD362400863A6F = {
						CreatedOnToolsVersion = 10.1;
					};
				};
			};
			buildConfigurationList = C03D71A221CD362400863A6F /* Build configuration list for PBXProject "Workout" */;
			compatibilityVersion = "Xcode 9.3";
			developmentRegion = en;
			hasScannedForEncodings = 0;
			knownRegions = (
				en,
				Base,
			);
			mainGroup = C03D719E21CD362300863A6F;
			productRefGroup = C03D71A821CD362400863A6F /* Products */;
			projectDirPath = "";
			projectRoot = "";
			targets = (
				C03D71A621CD362400863A6F /* Workout */,
			);
		};
/* End PBXProject section */

/* Begin PBXResourcesBuildPhase section */
		C03D71A521CD362400863A6F /* Resources */ = {
			isa = PBXResourcesBuildPhase;
			buildActionMask = 2147483647;
			files = (
				C03D71B521CD362500863A6F /* LaunchScreen.storyboard in Resources */,
				C03D71BD21CD3C8E00863A6F /* GoogleService-Info.plist in Resources */,
				C03D71B221CD362500863A6F /* Assets.xcassets in Resources */,
				C03D71B021CD362400863A6F /* Main.storyboard in Resources */,
			);
			runOnlyForDeploymentPostprocessing = 0;
		};
/* End PBXResourcesBuildPhase section */

/* Begin PBXShellScriptBuildPhase section */
		4AB377AB9E1083EAD2D3DFA2 /* [CP] Embed Pods Frameworks */ = {
			isa = PBXShellScriptBuildPhase;
			buildActionMask = 2147483647;
			files = (
			);
			inputPaths = (
				"${SRCROOT}/Pods/Target Support Files/Pods-Workout/Pods-Workout-frameworks.sh",
				"${BUILT_PRODUCTS_DIR}/GoogleUtilities/GoogleUtilities.framework",
				"${BUILT_PRODUCTS_DIR}/leveldb-library/leveldb.framework",
				"${BUILT_PRODUCTS_DIR}/nanopb/nanopb.framework",
			);
			name = "[CP] Embed Pods Frameworks";
			outputPaths = (
				"${TARGET_BUILD_DIR}/${FRAMEWORKS_FOLDER_PATH}/GoogleUtilities.framework",
				"${TARGET_BUILD_DIR}/${FRAMEWORKS_FOLDER_PATH}/leveldb.framework",
				"${TARGET_BUILD_DIR}/${FRAMEWORKS_FOLDER_PATH}/nanopb.framework",
			);
			runOnlyForDeploymentPostprocessing = 0;
			shellPath = /bin/sh;
			shellScript = "\"${SRCROOT}/Pods/Target Support Files/Pods-Workout/Pods-Workout-frameworks.sh\"\n";
			showEnvVarsInLog = 0;
		};
		E267AA9A6A88306E9013C72A /* [CP] Check Pods Manifest.lock */ = {
			isa = PBXShellScriptBuildPhase;
			buildActionMask = 2147483647;
			files = (
			);
			inputPaths = (
				"${PODS_PODFILE_DIR_PATH}/Podfile.lock",
				"${PODS_ROOT}/Manifest.lock",
			);
			name = "[CP] Check Pods Manifest.lock";
			outputPaths = (
				"$(DERIVED_FILE_DIR)/Pods-Workout-checkManifestLockResult.txt",
			);
			runOnlyForDeploymentPostprocessing = 0;
			shellPath = /bin/sh;
			shellScript = "diff \"${PODS_PODFILE_DIR_PATH}/Podfile.lock\" \"${PODS_ROOT}/Manifest.lock\" > /dev/null\nif [ $? != 0 ] ; then\n    # print error to STDERR\n    echo \"error: The sandbox is not in sync with the Podfile.lock. Run 'pod install' or update your CocoaPods installation.\" >&2\n    exit 1\nfi\n# This output is used by Xcode 'outputs' to avoid re-running this script phase.\necho \"SUCCESS\" > \"${SCRIPT_OUTPUT_FILE_0}\"\n";
			showEnvVarsInLog = 0;
		};
/* End PBXShellScriptBuildPhase section */

/* Begin PBXSourcesBuildPhase section */
		C03D71A321CD362400863A6F /* Sources */ = {
			isa = PBXSourcesBuildPhase;
			buildActionMask = 2147483647;
			files = (
				C03D71C621CD4A9A00863A6F /* Exercise.swift in Sources */,
				C032B04021CD843500736CCF /* HomeVC.swift in Sources */,
				C03D71C421CD493A00863A6F /* FirebaseOperation.swift in Sources */,
				C03D71CC21CD57B600863A6F /* ExerciseVC.swift in Sources */,
				C032B03C21CD6C2100736CCF /* WorkoutProgramsVC.swift in Sources */,
				C03D71AD21CD362400863A6F /* WorkoutSelectorVC.swift in Sources */,
				C032B03E21CD7B0F00736CCF /* Program.swift in Sources */,
				C03D71AB21CD362400863A6F /* AppDelegate.swift in Sources */,
				C03D71C121CD471B00863A6F /* Workout.swift in Sources */,
				C032B04221CD896F00736CCF /* CategoryCollectionCell.swift in Sources */,
				C03D71C821CD4DCA00863A6F /* WorkoutVC.swift in Sources */,
			);
			runOnlyForDeploymentPostprocessing = 0;
		};
/* End PBXSourcesBuildPhase section */

/* Begin PBXVariantGroup section */
		C03D71AE21CD362400863A6F /* Main.storyboard */ = {
			isa = PBXVariantGroup;
			children = (
				C03D71AF21CD362400863A6F /* Base */,
			);
			name = Main.storyboard;
			sourceTree = "<group>";
		};
		C03D71B321CD362500863A6F /* LaunchScreen.storyboard */ = {
			isa = PBXVariantGroup;
			children = (
				C03D71B421CD362500863A6F /* Base */,
			);
			name = LaunchScreen.storyboard;
			sourceTree = "<group>";
		};
/* End PBXVariantGroup section */

/* Begin XCBuildConfiguration section */
		C03D71B721CD362500863A6F /* Debug */ = {
			isa = XCBuildConfiguration;
			buildSettings = {
				ALWAYS_SEARCH_USER_PATHS = NO;
				CLANG_ANALYZER_NONNULL = YES;
				CLANG_ANALYZER_NUMBER_OBJECT_CONVERSION = YES_AGGRESSIVE;
				CLANG_CXX_LANGUAGE_STANDARD = "gnu++14";
				CLANG_CXX_LIBRARY = "libc++";
				CLANG_ENABLE_MODULES = YES;
				CLANG_ENABLE_OBJC_ARC = YES;
				CLANG_ENABLE_OBJC_WEAK = YES;
				CLANG_WARN_BLOCK_CAPTURE_AUTORELEASING = YES;
				CLANG_WARN_BOOL_CONVERSION = YES;
				CLANG_WARN_COMMA = YES;
				CLANG_WARN_CONSTANT_CONVERSION = YES;
				CLANG_WARN_DEPRECATED_OBJC_IMPLEMENTATIONS = YES;
				CLANG_WARN_DIRECT_OBJC_ISA_USAGE = YES_ERROR;
				CLANG_WARN_DOCUMENTATION_COMMENTS = YES;
				CLANG_WARN_EMPTY_BODY = YES;
				CLANG_WARN_ENUM_CONVERSION = YES;
				CLANG_WARN_INFINITE_RECURSION = YES;
				CLANG_WARN_INT_CONVERSION = YES;
				CLANG_WARN_NON_LITERAL_NULL_CONVERSION = YES;
				CLANG_WARN_OBJC_IMPLICIT_RETAIN_SELF = YES;
				CLANG_WARN_OBJC_LITERAL_CONVERSION = YES;
				CLANG_WARN_OBJC_ROOT_CLASS = YES_ERROR;
				CLANG_WARN_RANGE_LOOP_ANALYSIS = YES;
				CLANG_WARN_STRICT_PROTOTYPES = YES;
				CLANG_WARN_SUSPICIOUS_MOVE = YES;
				CLANG_WARN_UNGUARDED_AVAILABILITY = YES_AGGRESSIVE;
				CLANG_WARN_UNREACHABLE_CODE = YES;
				CLANG_WARN__DUPLICATE_METHOD_MATCH = YES;
				CODE_SIGN_IDENTITY = "iPhone Developer";
				COPY_PHASE_STRIP = NO;
				DEBUG_INFORMATION_FORMAT = dwarf;
				ENABLE_STRICT_OBJC_MSGSEND = YES;
				ENABLE_TESTABILITY = YES;
				GCC_C_LANGUAGE_STANDARD = gnu11;
				GCC_DYNAMIC_NO_PIC = NO;
				GCC_NO_COMMON_BLOCKS = YES;
				GCC_OPTIMIZATION_LEVEL = 0;
				GCC_PREPROCESSOR_DEFINITIONS = (
					"DEBUG=1",
					"$(inherited)",
				);
				GCC_WARN_64_TO_32_BIT_CONVERSION = YES;
				GCC_WARN_ABOUT_RETURN_TYPE = YES_ERROR;
				GCC_WARN_UNDECLARED_SELECTOR = YES;
				GCC_WARN_UNINITIALIZED_AUTOS = YES_AGGRESSIVE;
				GCC_WARN_UNUSED_FUNCTION = YES;
				GCC_WARN_UNUSED_VARIABLE = YES;
				IPHONEOS_DEPLOYMENT_TARGET = 12.1;
				MTL_ENABLE_DEBUG_INFO = INCLUDE_SOURCE;
				MTL_FAST_MATH = YES;
				ONLY_ACTIVE_ARCH = YES;
				SDKROOT = iphoneos;
				SWIFT_ACTIVE_COMPILATION_CONDITIONS = DEBUG;
				SWIFT_OPTIMIZATION_LEVEL = "-Onone";
			};
			name = Debug;
		};
		C03D71B821CD362500863A6F /* Release */ = {
			isa = XCBuildConfiguration;
			buildSettings = {
				ALWAYS_SEARCH_USER_PATHS = NO;
				CLANG_ANALYZER_NONNULL = YES;
				CLANG_ANALYZER_NUMBER_OBJECT_CONVERSION = YES_AGGRESSIVE;
				CLANG_CXX_LANGUAGE_STANDARD = "gnu++14";
				CLANG_CXX_LIBRARY = "libc++";
				CLANG_ENABLE_MODULES = YES;
				CLANG_ENABLE_OBJC_ARC = YES;
				CLANG_ENABLE_OBJC_WEAK = YES;
				CLANG_WARN_BLOCK_CAPTURE_AUTORELEASING = YES;
				CLANG_WARN_BOOL_CONVERSION = YES;
				CLANG_WARN_COMMA = YES;
				CLANG_WARN_CONSTANT_CONVERSION = YES;
				CLANG_WARN_DEPRECATED_OBJC_IMPLEMENTATIONS = YES;
				CLANG_WARN_DIRECT_OBJC_ISA_USAGE = YES_ERROR;
				CLANG_WARN_DOCUMENTATION_COMMENTS = YES;
				CLANG_WARN_EMPTY_BODY = YES;
				CLANG_WARN_ENUM_CONVERSION = YES;
				CLANG_WARN_INFINITE_RECURSION = YES;
				CLANG_WARN_INT_CONVERSION = YES;
				CLANG_WARN_NON_LITERAL_NULL_CONVERSION = YES;
				CLANG_WARN_OBJC_IMPLICIT_RETAIN_SELF = YES;
				CLANG_WARN_OBJC_LITERAL_CONVERSION = YES;
				CLANG_WARN_OBJC_ROOT_CLASS = YES_ERROR;
				CLANG_WARN_RANGE_LOOP_ANALYSIS = YES;
				CLANG_WARN_STRICT_PROTOTYPES = YES;
				CLANG_WARN_SUSPICIOUS_MOVE = YES;
				CLANG_WARN_UNGUARDED_AVAILABILITY = YES_AGGRESSIVE;
				CLANG_WARN_UNREACHABLE_CODE = YES;
				CLANG_WARN__DUPLICATE_METHOD_MATCH = YES;
				CODE_SIGN_IDENTITY = "iPhone Developer";
				COPY_PHASE_STRIP = NO;
				DEBUG_INFORMATION_FORMAT = "dwarf-with-dsym";
				ENABLE_NS_ASSERTIONS = NO;
				ENABLE_STRICT_OBJC_MSGSEND = YES;
				GCC_C_LANGUAGE_STANDARD = gnu11;
				GCC_NO_COMMON_BLOCKS = YES;
				GCC_WARN_64_TO_32_BIT_CONVERSION = YES;
				GCC_WARN_ABOUT_RETURN_TYPE = YES_ERROR;
				GCC_WARN_UNDECLARED_SELECTOR = YES;
				GCC_WARN_UNINITIALIZED_AUTOS = YES_AGGRESSIVE;
				GCC_WARN_UNUSED_FUNCTION = YES;
				GCC_WARN_UNUSED_VARIABLE = YES;
				IPHONEOS_DEPLOYMENT_TARGET = 12.1;
				MTL_ENABLE_DEBUG_INFO = NO;
				MTL_FAST_MATH = YES;
				SDKROOT = iphoneos;
				SWIFT_COMPILATION_MODE = wholemodule;
				SWIFT_OPTIMIZATION_LEVEL = "-O";
				VALIDATE_PRODUCT = YES;
			};
			name = Release;
		};
		C03D71BA21CD362500863A6F /* Debug */ = {
			isa = XCBuildConfiguration;
			baseConfigurationReference = 503A8A1CE535D7F44BBCB594 /* Pods-Workout.debug.xcconfig */;
			buildSettings = {
				ASSETCATALOG_COMPILER_APPICON_NAME = AppIcon;
				CODE_SIGN_STYLE = Automatic;
				DEVELOPMENT_TEAM = GNE8UF82DF;
				INFOPLIST_FILE = Workout/Info.plist;
				LD_RUNPATH_SEARCH_PATHS = (
					"$(inherited)",
					"@executable_path/Frameworks",
				);
				PRODUCT_BUNDLE_IDENTIFIER = donovan.Workout;
				PRODUCT_NAME = "$(TARGET_NAME)";
				SWIFT_VERSION = 4.2;
				TARGETED_DEVICE_FAMILY = "1,2";
			};
			name = Debug;
		};
		C03D71BB21CD362500863A6F /* Release */ = {
			isa = XCBuildConfiguration;
			baseConfigurationReference = 5D13FD247B40BC0FF0757736 /* Pods-Workout.release.xcconfig */;
			buildSettings = {
				ASSETCATALOG_COMPILER_APPICON_NAME = AppIcon;
				CODE_SIGN_STYLE = Automatic;
				DEVELOPMENT_TEAM = GNE8UF82DF;
				INFOPLIST_FILE = Workout/Info.plist;
				LD_RUNPATH_SEARCH_PATHS = (
					"$(inherited)",
					"@executable_path/Frameworks",
				);
				PRODUCT_BUNDLE_IDENTIFIER = donovan.Workout;
				PRODUCT_NAME = "$(TARGET_NAME)";
				SWIFT_VERSION = 4.2;
				TARGETED_DEVICE_FAMILY = "1,2";
			};
			name = Release;
		};
/* End XCBuildConfiguration section */

/* Begin XCConfigurationList section */
		C03D71A221CD362400863A6F /* Build configuration list for PBXProject "Workout" */ = {
			isa = XCConfigurationList;
			buildConfigurations = (
				C03D71B721CD362500863A6F /* Debug */,
				C03D71B821CD362500863A6F /* Release */,
			);
			defaultConfigurationIsVisible = 0;
			defaultConfigurationName = Release;
		};
		C03D71B921CD362500863A6F /* Build configuration list for PBXNativeTarget "Workout" */ = {
			isa = XCConfigurationList;
			buildConfigurations = (
				C03D71BA21CD362500863A6F /* Debug */,
				C03D71BB21CD362500863A6F /* Release */,
			);
			defaultConfigurationIsVisible = 0;
			defaultConfigurationName = Release;
		};
/* End XCConfigurationList section */
	};
	rootObject = C03D719F21CD362400863A6F /* Project object */;
}
